
Microsoft Visual Studio Solution File, Format Version 11.00
# Visual Studio 2010
Project("{8BC9CEB8-8B4A-11D0-8D11-00A0C91BC942}") = "CIS170C_Bennett_S_Lab05_PartA", "CIS170C_Bennett_S_Lab05_PartA\CIS170C_Bennett_S_Lab05_PartA.vcxproj", "{AE0B7A35-842B-4CC6-83CA-E7C0C6C4565C}"
EndProject
Global
	GlobalSection(SolutionConfigurationPlatforms) = preSolution
		Debug|Win32 = Debug|Win32
		Release|Win32 = Release|Win32
	EndGlobalSection
	GlobalSection(ProjectConfigurationPlatforms) = postSolution
		{AE0B7A35-842B-4CC6-83CA-E7C0C6C4565C}.Debug|Win32.ActiveCfg = Debug|Win32
		{AE0B7A35-842B-4CC6-83CA-E7C0C6C4565C}.Debug|Win32.Build.0 = Debug|Win32
		{AE0B7A35-842B-4CC6-83CA-E7C0C6C4565C}.Release|Win32.ActiveCfg = Release|Win32
		{AE0B7A35-842B-4CC6-83CA-E7C0C6C4565C}.Release|Win32.Build.0 = Release|Win32
	EndGlobalSection
	GlobalSection(SolutionProperties) = preSolution
		HideSolutionNode = FALSE
	EndGlobalSection
EndGlobal
